schema: '2.0'
stages:
  train:
    cmd: python src/train.py
    deps:
    - path: data/winequality-red.csv
      hash: md5
      md5: 2daeecee174368f8a33b82c8cccae3a5
      size: 84199
    - path: data/winequality-white.csv
      hash: md5
      md5: 5d9ff0f7f716dace19e3ab4578775fd7
      size: 264426
    - path: src/train.py
      hash: md5
      md5: 65dbef515723d91590762ad827b11966
      size: 1809
    outs:
    - path: metrics.json
      hash: md5
      md5: 484dd7ece497663935525b31bbbb7b99
      size: 22
    - path: models/model.pkl
      hash: md5
      md5: 9d8480cc04caf4ff2cb579beef395659
      size: 1407
